{
  "name": "example",
  "lockfileVersion": 3,
  "packages": {
    "": {
      "name": "example",
      "version": "1.0.0"
    },
    "node_modules/lodash": {
      "version": "4.17.21",
      "resolved": "https://registry.npmjs.org/lodash/-/lodash-4.17.21.tgz"
    },
    "node_modules/@scope/name": {
      "version": "2.3.4",
      "resolved": "https://registry.npmjs.org/@scope/name/-/name-2.3.4.tgz"
    }
  }
}
